// !$*UTF8*$!
{
	archiveVersion = 1;
	classes = {
	};
	objectVersion = 50;
	objects = {

/* Begin PBXBuildFile section */
		64336A3E24D80CD8008ECD8D /* AppDelegate.swift in Sources */ = {isa = PBXBuildFile; fileRef = 64336A3D24D80CD8008ECD8D /* AppDelegate.swift */; };
		64336A4024D80CD9008ECD8D /* SceneDelegate.swift in Sources */ = {isa = PBXBuildFile; fileRef = 64336A3F24D80CD8008ECD8D /* SceneDelegate.swift */; };
		64336A4224D80CD9008ECD8D /* ContentView.swift in Sources */ = {isa = PBXBuildFile; fileRef = 64336A4124D80CD9008ECD8D /* ContentView.swift */; };
		64336A4424D80CDE008ECD8D /* Assets.xcassets in Resources */ = {isa = PBXBuildFile; fileRef = 64336A4324D80CDE008ECD8D /* Assets.xcassets */; };
		64336A4724D80CDE008ECD8D /* Preview Assets.xcassets in Resources */ = {isa = PBXBuildFile; fileRef = 64336A4624D80CDE008ECD8D /* Preview Assets.xcassets */; };
		64336A4A24D80CDE008ECD8D /* LaunchScreen.storyboard in Resources */ = {isa = PBXBuildFile; fileRef = 64336A4824D80CDE008ECD8D /* LaunchScreen.storyboard */; };
/* End PBXBuildFile section */

/* Begin PBXFileReference section */
		64336A3A24D80CD8008ECD8D /* TheGameSet.app */ = {isa = PBXFileReference; explicitFileType = wrapper.application; includeInIndex = 0; path = TheGameSet.app; sourceTree = BUILT_PRODUCTS_DIR; };
		64336A3D24D80CD8008ECD8D /* AppDelegate.swift */ = {isa = PBXFileReference; lastKnownFileType = sourcecode.swift; path = AppDelegate.swift; sourceTree = "<group>"; };
		64336A3F24D80CD8008ECD8D /* SceneDelegate.swift */ = {isa = PBXFileReference; lastKnownFileType = sourcecode.swift; path = SceneDelegate.swift; sourceTree = "<group>"; };
		64336A4124D80CD9008ECD8D /* ContentView.swift */ = {isa = PBXFileReference; lastKnownFileType = sourcecode.swift; path = ContentView.swift; sourceTree = "<group>"; };
		64336A4324D80CDE008ECD8D /* Assets.xcassets */ = {isa = PBXFileReference; lastKnownFileType = folder.assetcatalog; path = Assets.xcassets; sourceTree = "<group>"; };
		64336A4624D80CDE008ECD8D /* Preview Assets.xcassets */ = {isa = PBXFileReference; lastKnownFileType = folder.assetcatalog; path = "Preview Assets.xcassets"; sourceTree = "<group>"; };
		64336A4924D80CDE008ECD8D /* Base */ = {isa = PBXFileReference; lastKnownFileType = file.storyboard; name = Base; path = Base.lproj/LaunchScreen.storyboard; sourceTree = "<group>"; };
		64336A4B24D80CDE008ECD8D /* Info.plist */ = {isa = PBXFileReference; lastKnownFileType = text.plist.xml; path = Info.plist; sourceTree = "<group>"; };
/* End PBXFileReference section */

/* Begin PBXFrameworksBuildPhase section */
		64336A3724D80CD8008ECD8D /* Frameworks */ = {
			isa = PBXFrameworksBuildPhase;
			buildActionMask = 2147483647;
			files = (
			);
			runOnlyForDeploymentPostprocessing = 0;
		};
/* End PBXFrameworksBuildPhase section */

/* Begin PBXGroup section */
		64336A3124D80CD8008ECD8D = {
			isa = PBXGroup;
			children = (
				64336A3C24D80CD8008ECD8D /* TheGameSet */,
				64336A3B24D80CD8008ECD8D /* Products */,
			);
			sourceTree = "<group>";
		};
		64336A3B24D80CD8008ECD8D /* Products */ = {
			isa = PBXGroup;
			children = (
				64336A3A24D80CD8008ECD8D /* TheGameSet.app */,
			);
			name = Products;
			sourceTree = "<group>";
		};
		64336A3C24D80CD8008ECD8D /* TheGameSet */ = {
			isa = PBXGroup;
			children = (
				64336A3D24D80CD8008ECD8D /* AppDelegate.swift */,
				64336A3F24D80CD8008ECD8D /* SceneDelegate.swift */,
				64336A4124D80CD9008ECD8D /* ContentView.swift */,
				64336A4324D80CDE008ECD8D /* Assets.xcassets */,
				64336A4824D80CDE008ECD8D /* LaunchScreen.storyboard */,
				64336A4B24D80CDE008ECD8D /* Info.plist */,
				64336A4524D80CDE008ECD8D /* Preview Content */,
			);
			path = TheGameSet;
			sourceTree = "<group>";
		};
		64336A4524D80CDE008ECD8D /* Preview Content */ = {
			isa = PBXGroup;
			children = (
				64336A4624D80CDE008ECD8D /* Preview Assets.xcassets */,
			);
			path = "Preview Content";
			sourceTree = "<group>";
		};
/* End PBXGroup section */

/* Begin PBXNativeTarget section */
		64336A3924D80CD8008ECD8D /* TheGameSet */ = {
			isa = PBXNativeTarget;
			buildConfigurationList = 64336A4E24D80CDE008ECD8D /* Build configuration list for PBXNativeTarget "TheGameSet" */;
			buildPhases = (
				64336A3624D80CD8008ECD8D /* Sources */,
				64336A3724D80CD8008ECD8D /* Frameworks */,
				64336A3824D80CD8008ECD8D /* Resources */,
			);
			buildRules = (
			);
			dependencies = (
			);
			name = TheGameSet;
			productName = TheGameSet;
			productReference = 64336A3A24D80CD8008ECD8D /* TheGameSet.app */;
			productType = "com.apple.product-type.application";
		};
/* End PBXNativeTarget section */

/* Begin PBXProject section */
		64336A3224D80CD8008ECD8D /* Project object */ = {
			isa = PBXProject;
			attributes = {
				LastSwiftUpdateCheck = 1160;
				LastUpgradeCheck = 1160;
				ORGANIZATIONNAME = "Denis Evdokimov";
				TargetAttributes = {
					64336A3924D80CD8008ECD8D = {
						CreatedOnToolsVersion = 11.6;
					};
				};
			};
			buildConfigurationList = 64336A3524D80CD8008ECD8D /* Build configuration list for PBXProject "TheGameSet" */;
			compatibilityVersion = "Xcode 9.3";
			developmentRegion = en;
			hasScannedForEncodings = 0;
			knownRegions = (
				en,
				Base,
			);
			mainGroup = 64336A3124D80CD8008ECD8D;
			productRefGroup = 64336A3B24D80CD8008ECD8D /* Products */;
			projectDirPath = "";
			projectRoot = "";
			targets = (
				64336A3924D80CD8008ECD8D /* TheGameSet */,
			);
		};
/* End PBXProject section */

/* Begin PBXResourcesBuildPhase section */
		64336A3824D80CD8008ECD8D /* Resources */ = {
			isa = PBXResourcesBuildPhase;
			buildActionMask = 2147483647;
			files = (
				64336A4A24D80CDE008ECD8D /* LaunchScreen.storyboard in Resources */,
				64336A4724D80CDE008ECD8D /* Preview Assets.xcassets in Resources */,
				64336A4424D80CDE008ECD8D /* Assets.xcassets in Resources */,
			);
			runOnlyForDeploymentPostprocessing = 0;
		};
/* End PBXResourcesBuildPhase section */

/* Begin PBXSourcesBuildPhase section */
		64336A3624D80CD8008ECD8D /* Sources */ = {
			isa = PBXSourcesBuildPhase;
			buildActionMask = 2147483647;
			files = (
				64336A3E24D80CD8008ECD8D /* AppDelegate.swift in Sources */,
				64336A4024D80CD9008ECD8D /* SceneDelegate.swift in Sources */,
				64336A4224D80CD9008ECD8D /* ContentView.swift in Sources */,
			);
			runOnlyForDeploymentPostprocessing = 0;
		};
/* End PBXSourcesBuildPhase section */

/* Begin PBXVariantGroup section */
		64336A4824D80CDE008ECD8D /* LaunchScreen.storyboard */ = {
			isa = PBXVariantGroup;
			children = (
				64336A4924D80CDE008ECD8D /* Base */,
			);
			name = LaunchScreen.storyboard;
			sourceTree = "<group>";
		};
/* End PBXVariantGroup section */

/* Begin XCBuildConfiguration section */
		64336A4C24D80CDE008ECD8D /* Debug */ = {
			isa = XCBuildConfiguration;
			buildSettings = {
				ALWAYS_SEARCH_USER_PATHS = NO;
				CLANG_ANALYZER_NONNULL = YES;
				CLANG_ANALYZER_NUMBER_OBJECT_CONVERSION = YES_AGGRESSIVE;
				CLANG_CXX_LANGUAGE_STANDARD = "gnu++14";
				CLANG_CXX_LIBRARY = "libc++";
				CLANG_ENABLE_MODULES = YES;
				CLANG_ENABLE_OBJC_ARC = YES;
				CLANG_ENABLE_OBJC_WEAK = YES;
				CLANG_WARN_BLOCK_CAPTURE_AUTORELEASING = YES;
				CLANG_WARN_BOOL_CONVERSION = YES;
				CLANG_WARN_COMMA = YES;
				CLANG_WARN_CONSTANT_CONVERSION = YES;
				CLANG_WARN_DEPRECATED_OBJC_IMPLEMENTATIONS = YES;
				CLANG_WARN_DIRECT_OBJC_ISA_USAGE = YES_ERROR;
				CLANG_WARN_DOCUMENTATION_COMMENTS = YES;
				CLANG_WARN_EMPTY_BODY = YES;
				CLANG_WARN_ENUM_CONVERSION = YES;
				CLANG_WARN_INFINITE_RECURSION = YES;
				CLANG_WARN_INT_CONVERSION = YES;
				CLANG_WARN_NON_LITERAL_NULL_CONVERSION = YES;
				CLANG_WARN_OBJC_IMPLICIT_RETAIN_SELF = YES;
				CLANG_WARN_OBJC_LITERAL_CONVERSION = YES;
				CLANG_WARN_OBJC_ROOT_CLASS = YES_ERROR;
				CLANG_WARN_RANGE_LOOP_ANALYSIS = YES;
				CLANG_WARN_STRICT_PROTOTYPES = YES;
				CLANG_WARN_SUSPICIOUS_MOVE = YES;
				CLANG_WARN_UNGUARDED_AVAILABILITY = YES_AGGRESSIVE;
				CLANG_WARN_UNREACHABLE_CODE = YES;
				CLANG_WARN__DUPLICATE_METHOD_MATCH = YES;
				COPY_PHASE_STRIP = NO;
				DEBUG_INFORMATION_FORMAT = dwarf;
				ENABLE_STRICT_OBJC_MSGSEND = YES;
				ENABLE_TESTABILITY = YES;
				GCC_C_LANGUAGE_STANDARD = gnu11;
				GCC_DYNAMIC_NO_PIC = NO;
				GCC_NO_COMMON_BLOCKS = YES;
				GCC_OPTIMIZATION_LEVEL = 0;
				GCC_PREPROCESSOR_DEFINITIONS = (
					"DEBUG=1",
					"$(inherited)",
				);
				GCC_WARN_64_TO_32_BIT_CONVERSION = YES;
				GCC_WARN_ABOUT_RETURN_TYPE = YES_ERROR;
				GCC_WARN_UNDECLARED_SELECTOR = YES;
				GCC_WARN_UNINITIALIZED_AUTOS = YES_AGGRESSIVE;
				GCC_WARN_UNUSED_FUNCTION = YES;
				GCC_WARN_UNUSED_VARIABLE = YES;
				IPHONEOS_DEPLOYMENT_TARGET = 13.6;
				MTL_ENABLE_DEBUG_INFO = INCLUDE_SOURCE;
				MTL_FAST_MATH = YES;
				ONLY_ACTIVE_ARCH = YES;
				SDKROOT = iphoneos;
				SWIFT_ACTIVE_COMPILATION_CONDITIONS = DEBUG;
				SWIFT_OPTIMIZATION_LEVEL = "-Onone";
			};
			name = Debug;
		};
		64336A4D24D80CDE008ECD8D /* Release */ = {
			isa = XCBuildConfiguration;
			buildSettings = {
				ALWAYS_SEARCH_USER_PATHS = NO;
				CLANG_ANALYZER_NONNULL = YES;
				CLANG_ANALYZER_NUMBER_OBJECT_CONVERSION = YES_AGGRESSIVE;
				CLANG_CXX_LANGUAGE_STANDARD = "gnu++14";
				CLANG_CXX_LIBRARY = "libc++";
				CLANG_ENABLE_MODULES = YES;
				CLANG_ENABLE_OBJC_ARC = YES;
				CLANG_ENABLE_OBJC_WEAK = YES;
				CLANG_WARN_BLOCK_CAPTURE_AUTORELEASING = YES;
				CLANG_WARN_BOOL_CONVERSION = YES;
				CLANG_WARN_COMMA = YES;
				CLANG_WARN_CONSTANT_CONVERSION = YES;
				CLANG_WARN_DEPRECATED_OBJC_IMPLEMENTATIONS = YES;
				CLANG_WARN_DIRECT_OBJC_ISA_USAGE = YES_ERROR;
				CLANG_WARN_DOCUMENTATION_COMMENTS = YES;
				CLANG_WARN_EMPTY_BODY = YES;
				CLANG_WARN_ENUM_CONVERSION = YES;
				CLANG_WARN_INFINITE_RECURSION = YES;
				CLANG_WARN_INT_CONVERSION = YES;
				CLANG_WARN_NON_LITERAL_NULL_CONVERSION = YES;
				CLANG_WARN_OBJC_IMPLICIT_RETAIN_SELF = YES;
				CLANG_WARN_OBJC_LITERAL_CONVERSION = YES;
				CLANG_WARN_OBJC_ROOT_CLASS = YES_ERROR;
				CLANG_WARN_RANGE_LOOP_ANALYSIS = YES;
				CLANG_WARN_STRICT_PROTOTYPES = YES;
				CLANG_WARN_SUSPICIOUS_MOVE = YES;
				CLANG_WARN_UNGUARDED_AVAILABILITY = YES_AGGRESSIVE;
				CLANG_WARN_UNREACHABLE_CODE = YES;
				CLANG_WARN__DUPLICATE_METHOD_MATCH = YES;
				COPY_PHASE_STRIP = NO;
				DEBUG_INFORMATION_FORMAT = "dwarf-with-dsym";
				ENABLE_NS_ASSERTIONS = NO;
				ENABLE_STRICT_OBJC_MSGSEND = YES;
				GCC_C_LANGUAGE_STANDARD = gnu11;
				GCC_NO_COMMON_BLOCKS = YES;
				GCC_WARN_64_TO_32_BIT_CONVERSION = YES;
				GCC_WARN_ABOUT_RETURN_TYPE = YES_ERROR;
				GCC_WARN_UNDECLARED_SELECTOR = YES;
				GCC_WARN_UNINITIALIZED_AUTOS = YES_AGGRESSIVE;
				GCC_WARN_UNUSED_FUNCTION = YES;
				GCC_WARN_UNUSED_VARIABLE = YES;
				IPHONEOS_DEPLOYMENT_TARGET = 13.6;
				MTL_ENABLE_DEBUG_INFO = NO;
				MTL_FAST_MATH = YES;
				SDKROOT = iphoneos;
				SWIFT_COMPILATION_MODE = wholemodule;
				SWIFT_OPTIMIZATION_LEVEL = "-O";
				VALIDATE_PRODUCT = YES;
			};
			name = Release;
		};
		64336A4F24D80CDE008ECD8D /* Debug */ = {
			isa = XCBuildConfiguration;
			buildSettings = {
				ASSETCATALOG_COMPILER_APPICON_NAME = AppIcon;
				CODE_SIGN_STYLE = Automatic;
				DEVELOPMENT_ASSET_PATHS = "\"TheGameSet/Preview Content\"";
				ENABLE_PREVIEWS = YES;
				INFOPLIST_FILE = TheGameSet/Info.plist;
				LD_RUNPATH_SEARCH_PATHS = (
					"$(inherited)",
					"@executable_path/Frameworks",
				);
				PRODUCT_BUNDLE_IDENTIFIER = denisEvdokimov.TheGameSet;
				PRODUCT_NAME = "$(TARGET_NAME)";
				SWIFT_VERSION = 5.0;
				TARGETED_DEVICE_FAMILY = "1,2";
			};
			name = Debug;
		};
		64336A5024D80CDE008ECD8D /* Release */ = {
			isa = XCBuildConfiguration;
			buildSettings = {
				ASSETCATALOG_COMPILER_APPICON_NAME = AppIcon;
				CODE_SIGN_STYLE = Automatic;
				DEVELOPMENT_ASSET_PATHS = "\"TheGameSet/Preview Content\"";
				ENABLE_PREVIEWS = YES;
				INFOPLIST_FILE = TheGameSet/Info.plist;
				LD_RUNPATH_SEARCH_PATHS = (
					"$(inherited)",
					"@executable_path/Frameworks",
				);
				PRODUCT_BUNDLE_IDENTIFIER = denisEvdokimov.TheGameSet;
				PRODUCT_NAME = "$(TARGET_NAME)";
				SWIFT_VERSION = 5.0;
				TARGETED_DEVICE_FAMILY = "1,2";
			};
			name = Release;
		};
/* End XCBuildConfiguration section */

/* Begin XCConfigurationList section */
		64336A3524D80CD8008ECD8D /* Build configuration list for PBXProject "TheGameSet" */ = {
			isa = XCConfigurationList;
			buildConfigurations = (
				64336A4C24D80CDE008ECD8D /* Debug */,
				64336A4D24D80CDE008ECD8D /* Release */,
			);
			defaultConfigurationIsVisible = 0;
			defaultConfigurationName = Release;
		};
		64336A4E24D80CDE008ECD8D /* Build configuration list for PBXNativeTarget "TheGameSet" */ = {
			isa = XCConfigurationList;
			buildConfigurations = (
				64336A4F24D80CDE008ECD8D /* Debug */,
				64336A5024D80CDE008ECD8D /* Release */,
			);
			defaultConfigurationIsVisible = 0;
			defaultConfigurationName = Release;
		};
/* End XCConfigurationList section */
	};
	rootObject = 64336A3224D80CD8008ECD8D /* Project object */;
}
